{
  "pins" : [
    {
      "identity" : "realm-core",
      "kind" : "remoteSourceControl",
      "location" : "https://github.com/realm/realm-core.git",
      "state" : {
        "revision" : "f1e962cd447f8b69f8f7cf46a188b1c6246923c5",
        "version" : "13.17.0"
      }
    },
    {
      "identity" : "realm-swift",
      "kind" : "remoteSourceControl",
      "location" : "https://github.com/realm/realm-swift.git",
      "state" : {
        "revision" : "0155caac1a0830a9fbaaffe5866b909fad3a6fc4",
        "version" : "10.41.1"
      }
    },
    {
      "identity" : "swift-html",
      "kind" : "remoteSourceControl",
      "location" : "https://github.com/binarybirds/swift-html",
      "state" : {
        "revision" : "f4fa5bc83fbee8dbd301c6fbb3969437415adad0",
        "version" : "1.7.0"
      }
    },
    {
      "identity" : "swifttabler",
      "kind" : "remoteSourceControl",
      "location" : "https://github.com/openalloc/SwiftTabler",
      "state" : {
        "revision" : "863e1be58e49a68ae84184e471f400ff4d760bda",
        "version" : "0.9.7"
      }
    }
  ],
  "version" : 2
}
