{
  "pins" : [
    {
      "identity" : "realm-core",
      "kind" : "remoteSourceControl",
      "location" : "https://github.com/realm/realm-core.git",
      "state" : {
        "revision" : "93cc224680a520a84e1c01aa8866042c52eb7958",
        "version" : "13.15.0"
      }
    },
    {
      "identity" : "realm-swift",
      "kind" : "remoteSourceControl",
      "location" : "https://github.com/realm/realm-swift.git",
      "state" : {
        "revision" : "2d7d1463a765c8835262dc09da83906e7cea166c",
        "version" : "10.40.2"
      }
    },
    {
      "identity" : "swift-html",
      "kind" : "remoteSourceControl",
      "location" : "https://github.com/binarybirds/swift-html",
      "state" : {
        "revision" : "f4fa5bc83fbee8dbd301c6fbb3969437415adad0",
        "version" : "1.7.0"
      }
    }
  ],
  "version" : 2
}
