// !$*UTF8*$!
{
	archiveVersion = 1;
	classes = {
	};
	objectVersion = 77;
	objects = {

/* Begin PBXBuildFile section */
		D402E0692E7F253600B020D5 /* SQLiteData in Frameworks */ = {isa = PBXBuildFile; productRef = D402E0682E7F253600B020D5 /* SQLiteData */; };
		D402E06B2E7F253600B020D5 /* SQLiteDataTestSupport in Frameworks */ = {isa = PBXBuildFile; productRef = D402E06A2E7F253600B020D5 /* SQLiteDataTestSupport */; };
		D45D78972DFF646A0067A88D /* SwiftHtml in Frameworks */ = {isa = PBXBuildFile; productRef = D45D78962DFF646A0067A88D /* SwiftHtml */; };
		D45D789C2DFF7B8A0067A88D /* Flow in Frameworks */ = {isa = PBXBuildFile; productRef = D45D789B2DFF7B8A0067A88D /* Flow */; };
		D45D78A12DFF7E950067A88D /* WebViewKit in Frameworks */ = {isa = PBXBuildFile; productRef = D45D78A02DFF7E950067A88D /* WebViewKit */; };
		D47AF4B72E25D3E30001E4D4 /* SwiftSoup in Frameworks */ = {isa = PBXBuildFile; productRef = D47AF4B62E25D3E30001E4D4 /* SwiftSoup */; };
		D47F900B2DF35EEA00A64304 /* Credits.rtf in Resources */ = {isa = PBXBuildFile; fileRef = D47F900A2DF35EEA00A64304 /* Credits.rtf */; };
/* End PBXBuildFile section */

/* Begin PBXContainerItemProxy section */
		D47F8FEE2DF35EB400A64304 /* PBXContainerItemProxy */ = {
			isa = PBXContainerItemProxy;
			containerPortal = D47F8FD72DF35EB300A64304 /* Project object */;
			proxyType = 1;
			remoteGlobalIDString = D47F8FDE2DF35EB300A64304;
			remoteInfo = Salty;
		};
		D47F8FF82DF35EB400A64304 /* PBXContainerItemProxy */ = {
			isa = PBXContainerItemProxy;
			containerPortal = D47F8FD72DF35EB300A64304 /* Project object */;
			proxyType = 1;
			remoteGlobalIDString = D47F8FDE2DF35EB300A64304;
			remoteInfo = Salty;
		};
/* End PBXContainerItemProxy section */

/* Begin PBXFileReference section */
		D47AAAC72E19AC2D0082A893 /* ci_pre_xcodebuild.sh */ = {isa = PBXFileReference; lastKnownFileType = text.script.sh; path = ci_pre_xcodebuild.sh; sourceTree = "<group>"; };
		D47F8FDF2DF35EB300A64304 /* Salty.app */ = {isa = PBXFileReference; explicitFileType = wrapper.application; includeInIndex = 0; path = Salty.app; sourceTree = BUILT_PRODUCTS_DIR; };
		D47F8FED2DF35EB400A64304 /* SaltyTests.xctest */ = {isa = PBXFileReference; explicitFileType = wrapper.cfbundle; includeInIndex = 0; path = SaltyTests.xctest; sourceTree = BUILT_PRODUCTS_DIR; };
		D47F8FF72DF35EB400A64304 /* SaltyUITests.xctest */ = {isa = PBXFileReference; explicitFileType = wrapper.cfbundle; includeInIndex = 0; path = SaltyUITests.xctest; sourceTree = BUILT_PRODUCTS_DIR; };
		D47F900A2DF35EEA00A64304 /* Credits.rtf */ = {isa = PBXFileReference; lastKnownFileType = text.rtf; path = Credits.rtf; sourceTree = "<group>"; };
/* End PBXFileReference section */

/* Begin PBXFileSystemSynchronizedBuildFileExceptionSet section */
		D4D697D22E1B0ADF00B13B2B /* Exceptions for "Salty" folder in "Salty" target */ = {
			isa = PBXFileSystemSynchronizedBuildFileExceptionSet;
			membershipExceptions = (
				Info.plist,
			);
			target = D47F8FDE2DF35EB300A64304 /* Salty */;
		};
		D4E2759C2E51887300E8F82D /* Exceptions for "Salty" folder in "SaltyUITests" target */ = {
			isa = PBXFileSystemSynchronizedBuildFileExceptionSet;
			membershipExceptions = (
				Helpers/ImportExport/SaltyRecipeExport.swift,
			);
			target = D47F8FF62DF35EB400A64304 /* SaltyUITests */;
		};
/* End PBXFileSystemSynchronizedBuildFileExceptionSet section */

/* Begin PBXFileSystemSynchronizedRootGroup section */
		D47F8FE12DF35EB300A64304 /* Salty */ = {
			isa = PBXFileSystemSynchronizedRootGroup;
			exceptions = (
				D4D697D22E1B0ADF00B13B2B /* Exceptions for "Salty" folder in "Salty" target */,
				D4E2759C2E51887300E8F82D /* Exceptions for "Salty" folder in "SaltyUITests" target */,
			);
			path = Salty;
			sourceTree = "<group>";
		};
		D47F8FF02DF35EB400A64304 /* SaltyTests */ = {
			isa = PBXFileSystemSynchronizedRootGroup;
			path = SaltyTests;
			sourceTree = "<group>";
		};
		D47F8FFA2DF35EB400A64304 /* SaltyUITests */ = {
			isa = PBXFileSystemSynchronizedRootGroup;
			path = SaltyUITests;
			sourceTree = "<group>";
		};
/* End PBXFileSystemSynchronizedRootGroup section */

/* Begin PBXFrameworksBuildPhase section */
		D47F8FDC2DF35EB300A64304 /* Frameworks */ = {
			isa = PBXFrameworksBuildPhase;
			buildActionMask = 2147483647;
			files = (
				D45D78972DFF646A0067A88D /* SwiftHtml in Frameworks */,
				D45D789C2DFF7B8A0067A88D /* Flow in Frameworks */,
				D402E0692E7F253600B020D5 /* SQLiteData in Frameworks */,
				D45D78A12DFF7E950067A88D /* WebViewKit in Frameworks */,
				D47AF4B72E25D3E30001E4D4 /* SwiftSoup in Frameworks */,
			);
			runOnlyForDeploymentPostprocessing = 0;
		};
		D47F8FEA2DF35EB400A64304 /* Frameworks */ = {
			isa = PBXFrameworksBuildPhase;
			buildActionMask = 2147483647;
			files = (
				D402E06B2E7F253600B020D5 /* SQLiteDataTestSupport in Frameworks */,
			);
			runOnlyForDeploymentPostprocessing = 0;
		};
		D47F8FF42DF35EB400A64304 /* Frameworks */ = {
			isa = PBXFrameworksBuildPhase;
			buildActionMask = 2147483647;
			files = (
			);
			runOnlyForDeploymentPostprocessing = 0;
		};
/* End PBXFrameworksBuildPhase section */

/* Begin PBXGroup section */
		D47AAAC62E19ABFC0082A893 /* ci_scripts */ = {
			isa = PBXGroup;
			children = (
				D47AAAC72E19AC2D0082A893 /* ci_pre_xcodebuild.sh */,
			);
			path = ci_scripts;
			sourceTree = "<group>";
		};
		D47F8FD62DF35EB300A64304 = {
			isa = PBXGroup;
			children = (
				D47AAAC62E19ABFC0082A893 /* ci_scripts */,
				D47F900A2DF35EEA00A64304 /* Credits.rtf */,
				D47F8FE12DF35EB300A64304 /* Salty */,
				D47F8FF02DF35EB400A64304 /* SaltyTests */,
				D47F8FFA2DF35EB400A64304 /* SaltyUITests */,
				D47F8FE02DF35EB300A64304 /* Products */,
			);
			sourceTree = "<group>";
		};
		D47F8FE02DF35EB300A64304 /* Products */ = {
			isa = PBXGroup;
			children = (
				D47F8FDF2DF35EB300A64304 /* Salty.app */,
				D47F8FED2DF35EB400A64304 /* SaltyTests.xctest */,
				D47F8FF72DF35EB400A64304 /* SaltyUITests.xctest */,
			);
			name = Products;
			sourceTree = "<group>";
		};
/* End PBXGroup section */

/* Begin PBXNativeTarget section */
		D47F8FDE2DF35EB300A64304 /* Salty */ = {
			isa = PBXNativeTarget;
			buildConfigurationList = D47F90012DF35EB400A64304 /* Build configuration list for PBXNativeTarget "Salty" */;
			buildPhases = (
				D47F8FDB2DF35EB300A64304 /* Sources */,
				D47F8FDC2DF35EB300A64304 /* Frameworks */,
				D47F8FDD2DF35EB300A64304 /* Resources */,
			);
			buildRules = (
			);
			dependencies = (
			);
			fileSystemSynchronizedGroups = (
				D47F8FE12DF35EB300A64304 /* Salty */,
			);
			name = Salty;
			packageProductDependencies = (
				D45D78962DFF646A0067A88D /* SwiftHtml */,
				D45D789B2DFF7B8A0067A88D /* Flow */,
				D45D78A02DFF7E950067A88D /* WebViewKit */,
				D47AF4B62E25D3E30001E4D4 /* SwiftSoup */,
				D402E0682E7F253600B020D5 /* SQLiteData */,
			);
			productName = Salty;
			productReference = D47F8FDF2DF35EB300A64304 /* Salty.app */;
			productType = "com.apple.product-type.application";
		};
		D47F8FEC2DF35EB400A64304 /* SaltyTests */ = {
			isa = PBXNativeTarget;
			buildConfigurationList = D47F90042DF35EB400A64304 /* Build configuration list for PBXNativeTarget "SaltyTests" */;
			buildPhases = (
				D47F8FE92DF35EB400A64304 /* Sources */,
				D47F8FEA2DF35EB400A64304 /* Frameworks */,
				D47F8FEB2DF35EB400A64304 /* Resources */,
			);
			buildRules = (
			);
			dependencies = (
				D47F8FEF2DF35EB400A64304 /* PBXTargetDependency */,
			);
			fileSystemSynchronizedGroups = (
				D47F8FF02DF35EB400A64304 /* SaltyTests */,
			);
			name = SaltyTests;
			packageProductDependencies = (
				D402E06A2E7F253600B020D5 /* SQLiteDataTestSupport */,
			);
			productName = SaltyTests;
			productReference = D47F8FED2DF35EB400A64304 /* SaltyTests.xctest */;
			productType = "com.apple.product-type.bundle.unit-test";
		};
		D47F8FF62DF35EB400A64304 /* SaltyUITests */ = {
			isa = PBXNativeTarget;
			buildConfigurationList = D47F90072DF35EB400A64304 /* Build configuration list for PBXNativeTarget "SaltyUITests" */;
			buildPhases = (
				D47F8FF32DF35EB400A64304 /* Sources */,
				D47F8FF42DF35EB400A64304 /* Frameworks */,
				D47F8FF52DF35EB400A64304 /* Resources */,
			);
			buildRules = (
			);
			dependencies = (
				D47F8FF92DF35EB400A64304 /* PBXTargetDependency */,
			);
			fileSystemSynchronizedGroups = (
				D47F8FFA2DF35EB400A64304 /* SaltyUITests */,
			);
			name = SaltyUITests;
			packageProductDependencies = (
			);
			productName = SaltyUITests;
			productReference = D47F8FF72DF35EB400A64304 /* SaltyUITests.xctest */;
			productType = "com.apple.product-type.bundle.ui-testing";
		};
/* End PBXNativeTarget section */

/* Begin PBXProject section */
		D47F8FD72DF35EB300A64304 /* Project object */ = {
			isa = PBXProject;
			attributes = {
				BuildIndependentTargetsInParallel = 1;
				LastSwiftUpdateCheck = 1640;
				LastUpgradeCheck = 1640;
				TargetAttributes = {
					D47F8FDE2DF35EB300A64304 = {
						CreatedOnToolsVersion = 16.4;
					};
					D47F8FEC2DF35EB400A64304 = {
						CreatedOnToolsVersion = 16.4;
						TestTargetID = D47F8FDE2DF35EB300A64304;
					};
					D47F8FF62DF35EB400A64304 = {
						CreatedOnToolsVersion = 16.4;
						TestTargetID = D47F8FDE2DF35EB300A64304;
					};
				};
			};
			buildConfigurationList = D47F8FDA2DF35EB300A64304 /* Build configuration list for PBXProject "Salty" */;
			developmentRegion = en;
			hasScannedForEncodings = 0;
			knownRegions = (
				en,
				Base,
			);
			mainGroup = D47F8FD62DF35EB300A64304;
			minimizedProjectReferenceProxies = 1;
			packageReferences = (
				D45D78952DFF646A0067A88D /* XCRemoteSwiftPackageReference "swift-html" */,
				D45D789A2DFF7B8A0067A88D /* XCRemoteSwiftPackageReference "SwiftUI-Flow" */,
				D45D789F2DFF7E950067A88D /* XCRemoteSwiftPackageReference "WebViewKit" */,
				D47AF4B52E25D3E30001E4D4 /* XCRemoteSwiftPackageReference "SwiftSoup" */,
				D402E0672E7F253600B020D5 /* XCRemoteSwiftPackageReference "sqlite-data" */,
			);
			preferredProjectObjectVersion = 77;
			productRefGroup = D47F8FE02DF35EB300A64304 /* Products */;
			projectDirPath = "";
			projectRoot = "";
			targets = (
				D47F8FDE2DF35EB300A64304 /* Salty */,
				D47F8FEC2DF35EB400A64304 /* SaltyTests */,
				D47F8FF62DF35EB400A64304 /* SaltyUITests */,
			);
		};
/* End PBXProject section */

/* Begin PBXResourcesBuildPhase section */
		D47F8FDD2DF35EB300A64304 /* Resources */ = {
			isa = PBXResourcesBuildPhase;
			buildActionMask = 2147483647;
			files = (
			);
			runOnlyForDeploymentPostprocessing = 0;
		};
		D47F8FEB2DF35EB400A64304 /* Resources */ = {
			isa = PBXResourcesBuildPhase;
			buildActionMask = 2147483647;
			files = (
			);
			runOnlyForDeploymentPostprocessing = 0;
		};
		D47F8FF52DF35EB400A64304 /* Resources */ = {
			isa = PBXResourcesBuildPhase;
			buildActionMask = 2147483647;
			files = (
				D47F900B2DF35EEA00A64304 /* Credits.rtf in Resources */,
			);
			runOnlyForDeploymentPostprocessing = 0;
		};
/* End PBXResourcesBuildPhase section */

/* Begin PBXSourcesBuildPhase section */
		D47F8FDB2DF35EB300A64304 /* Sources */ = {
			isa = PBXSourcesBuildPhase;
			buildActionMask = 2147483647;
			files = (
			);
			runOnlyForDeploymentPostprocessing = 0;
		};
		D47F8FE92DF35EB400A64304 /* Sources */ = {
			isa = PBXSourcesBuildPhase;
			buildActionMask = 2147483647;
			files = (
			);
			runOnlyForDeploymentPostprocessing = 0;
		};
		D47F8FF32DF35EB400A64304 /* Sources */ = {
			isa = PBXSourcesBuildPhase;
			buildActionMask = 2147483647;
			files = (
			);
			runOnlyForDeploymentPostprocessing = 0;
		};
/* End PBXSourcesBuildPhase section */

/* Begin PBXTargetDependency section */
		D47F8FEF2DF35EB400A64304 /* PBXTargetDependency */ = {
			isa = PBXTargetDependency;
			target = D47F8FDE2DF35EB300A64304 /* Salty */;
			targetProxy = D47F8FEE2DF35EB400A64304 /* PBXContainerItemProxy */;
		};
		D47F8FF92DF35EB400A64304 /* PBXTargetDependency */ = {
			isa = PBXTargetDependency;
			target = D47F8FDE2DF35EB300A64304 /* Salty */;
			targetProxy = D47F8FF82DF35EB400A64304 /* PBXContainerItemProxy */;
		};
/* End PBXTargetDependency section */

/* Begin XCBuildConfiguration section */
		D47F8FFF2DF35EB400A64304 /* Debug */ = {
			isa = XCBuildConfiguration;
			buildSettings = {
				ALWAYS_SEARCH_USER_PATHS = NO;
				ASSETCATALOG_COMPILER_GENERATE_SWIFT_ASSET_SYMBOL_EXTENSIONS = YES;
				CLANG_ANALYZER_NONNULL = YES;
				CLANG_ANALYZER_NUMBER_OBJECT_CONVERSION = YES_AGGRESSIVE;
				CLANG_CXX_LANGUAGE_STANDARD = "gnu++20";
				CLANG_ENABLE_MODULES = YES;
				CLANG_ENABLE_OBJC_ARC = YES;
				CLANG_ENABLE_OBJC_WEAK = YES;
				CLANG_WARN_BLOCK_CAPTURE_AUTORELEASING = YES;
				CLANG_WARN_BOOL_CONVERSION = YES;
				CLANG_WARN_COMMA = YES;
				CLANG_WARN_CONSTANT_CONVERSION = YES;
				CLANG_WARN_DEPRECATED_OBJC_IMPLEMENTATIONS = YES;
				CLANG_WARN_DIRECT_OBJC_ISA_USAGE = YES_ERROR;
				CLANG_WARN_DOCUMENTATION_COMMENTS = YES;
				CLANG_WARN_EMPTY_BODY = YES;
				CLANG_WARN_ENUM_CONVERSION = YES;
				CLANG_WARN_INFINITE_RECURSION = YES;
				CLANG_WARN_INT_CONVERSION = YES;
				CLANG_WARN_NON_LITERAL_NULL_CONVERSION = YES;
				CLANG_WARN_OBJC_IMPLICIT_RETAIN_SELF = YES;
				CLANG_WARN_OBJC_LITERAL_CONVERSION = YES;
				CLANG_WARN_OBJC_ROOT_CLASS = YES_ERROR;
				CLANG_WARN_QUOTED_INCLUDE_IN_FRAMEWORK_HEADER = YES;
				CLANG_WARN_RANGE_LOOP_ANALYSIS = YES;
				CLANG_WARN_STRICT_PROTOTYPES = YES;
				CLANG_WARN_SUSPICIOUS_MOVE = YES;
				CLANG_WARN_UNGUARDED_AVAILABILITY = YES_AGGRESSIVE;
				CLANG_WARN_UNREACHABLE_CODE = YES;
				CLANG_WARN__DUPLICATE_METHOD_MATCH = YES;
				COPY_PHASE_STRIP = NO;
				DEAD_CODE_STRIPPING = YES;
				DEBUG_INFORMATION_FORMAT = dwarf;
				DEVELOPMENT_TEAM = 56L8942MP2;
				ENABLE_STRICT_OBJC_MSGSEND = YES;
				ENABLE_TESTABILITY = YES;
				ENABLE_USER_SCRIPT_SANDBOXING = YES;
				GCC_C_LANGUAGE_STANDARD = gnu17;
				GCC_DYNAMIC_NO_PIC = NO;
				GCC_NO_COMMON_BLOCKS = YES;
				GCC_OPTIMIZATION_LEVEL = 0;
				GCC_PREPROCESSOR_DEFINITIONS = (
					"DEBUG=1",
					"$(inherited)",
				);
				GCC_WARN_64_TO_32_BIT_CONVERSION = YES;
				GCC_WARN_ABOUT_RETURN_TYPE = YES_ERROR;
				GCC_WARN_UNDECLARED_SELECTOR = YES;
				GCC_WARN_UNINITIALIZED_AUTOS = YES_AGGRESSIVE;
				GCC_WARN_UNUSED_FUNCTION = YES;
				GCC_WARN_UNUSED_VARIABLE = YES;
				LOCALIZATION_PREFERS_STRING_CATALOGS = YES;
				MTL_ENABLE_DEBUG_INFO = INCLUDE_SOURCE;
				MTL_FAST_MATH = YES;
				ONLY_ACTIVE_ARCH = YES;
				SWIFT_ACTIVE_COMPILATION_CONDITIONS = "DEBUG $(inherited)";
				SWIFT_OPTIMIZATION_LEVEL = "-Onone";
			};
			name = Debug;
		};
		D47F90002DF35EB400A64304 /* Release */ = {
			isa = XCBuildConfiguration;
			buildSettings = {
				ALWAYS_SEARCH_USER_PATHS = NO;
				ASSETCATALOG_COMPILER_GENERATE_SWIFT_ASSET_SYMBOL_EXTENSIONS = YES;
				CLANG_ANALYZER_NONNULL = YES;
				CLANG_ANALYZER_NUMBER_OBJECT_CONVERSION = YES_AGGRESSIVE;
				CLANG_CXX_LANGUAGE_STANDARD = "gnu++20";
				CLANG_ENABLE_MODULES = YES;
				CLANG_ENABLE_OBJC_ARC = YES;
				CLANG_ENABLE_OBJC_WEAK = YES;
				CLANG_WARN_BLOCK_CAPTURE_AUTORELEASING = YES;
				CLANG_WARN_BOOL_CONVERSION = YES;
				CLANG_WARN_COMMA = YES;
				CLANG_WARN_CONSTANT_CONVERSION = YES;
				CLANG_WARN_DEPRECATED_OBJC_IMPLEMENTATIONS = YES;
				CLANG_WARN_DIRECT_OBJC_ISA_USAGE = YES_ERROR;
				CLANG_WARN_DOCUMENTATION_COMMENTS = YES;
				CLANG_WARN_EMPTY_BODY = YES;
				CLANG_WARN_ENUM_CONVERSION = YES;
				CLANG_WARN_INFINITE_RECURSION = YES;
				CLANG_WARN_INT_CONVERSION = YES;
				CLANG_WARN_NON_LITERAL_NULL_CONVERSION = YES;
				CLANG_WARN_OBJC_IMPLICIT_RETAIN_SELF = YES;
				CLANG_WARN_OBJC_LITERAL_CONVERSION = YES;
				CLANG_WARN_OBJC_ROOT_CLASS = YES_ERROR;
				CLANG_WARN_QUOTED_INCLUDE_IN_FRAMEWORK_HEADER = YES;
				CLANG_WARN_RANGE_LOOP_ANALYSIS = YES;
				CLANG_WARN_STRICT_PROTOTYPES = YES;
				CLANG_WARN_SUSPICIOUS_MOVE = YES;
				CLANG_WARN_UNGUARDED_AVAILABILITY = YES_AGGRESSIVE;
				CLANG_WARN_UNREACHABLE_CODE = YES;
				CLANG_WARN__DUPLICATE_METHOD_MATCH = YES;
				COPY_PHASE_STRIP = NO;
				DEAD_CODE_STRIPPING = YES;
				DEBUG_INFORMATION_FORMAT = "dwarf-with-dsym";
				DEVELOPMENT_TEAM = 56L8942MP2;
				ENABLE_NS_ASSERTIONS = NO;
				ENABLE_STRICT_OBJC_MSGSEND = YES;
				ENABLE_USER_SCRIPT_SANDBOXING = YES;
				GCC_C_LANGUAGE_STANDARD = gnu17;
				GCC_NO_COMMON_BLOCKS = YES;
				GCC_WARN_64_TO_32_BIT_CONVERSION = YES;
				GCC_WARN_ABOUT_RETURN_TYPE = YES_ERROR;
				GCC_WARN_UNDECLARED_SELECTOR = YES;
				GCC_WARN_UNINITIALIZED_AUTOS = YES_AGGRESSIVE;
				GCC_WARN_UNUSED_FUNCTION = YES;
				GCC_WARN_UNUSED_VARIABLE = YES;
				LOCALIZATION_PREFERS_STRING_CATALOGS = YES;
				MTL_ENABLE_DEBUG_INFO = NO;
				MTL_FAST_MATH = YES;
				SWIFT_COMPILATION_MODE = wholemodule;
			};
			name = Release;
		};
		D47F90022DF35EB400A64304 /* Debug */ = {
			isa = XCBuildConfiguration;
			buildSettings = {
				ASSETCATALOG_COMPILER_APPICON_NAME = SaltyGlassIcon;
				ASSETCATALOG_COMPILER_GLOBAL_ACCENT_COLOR_NAME = AccentColor;
				ASSETCATALOG_COMPILER_INCLUDE_ALL_APPICON_ASSETS = YES;
				CODE_SIGN_ENTITLEMENTS = Salty/Salty.entitlements;
				CODE_SIGN_IDENTITY = "Apple Development";
				CODE_SIGN_STYLE = Automatic;
				CURRENT_PROJECT_VERSION = 73;
				DEAD_CODE_STRIPPING = YES;
				DEVELOPMENT_TEAM = 56L8942MP2;
				ENABLE_HARDENED_RUNTIME = YES;
				ENABLE_PREVIEWS = YES;
				GENERATE_INFOPLIST_FILE = YES;
				INFOPLIST_FILE = Salty/Info.plist;
				INFOPLIST_KEY_ITSAppUsesNonExemptEncryption = NO;
				INFOPLIST_KEY_LSApplicationCategoryType = "public.app-category.food-and-drink";
				INFOPLIST_KEY_NSCameraUsageDescription = "Used for capturing optional recipe photos or to import recipes via document scan or camera photo";
				"INFOPLIST_KEY_UIApplicationSceneManifest_Generation[sdk=iphoneos*]" = YES;
				"INFOPLIST_KEY_UIApplicationSceneManifest_Generation[sdk=iphonesimulator*]" = YES;
				"INFOPLIST_KEY_UIApplicationSupportsIndirectInputEvents[sdk=iphoneos*]" = YES;
				"INFOPLIST_KEY_UIApplicationSupportsIndirectInputEvents[sdk=iphonesimulator*]" = YES;
				"INFOPLIST_KEY_UILaunchScreen_Generation[sdk=iphoneos*]" = YES;
				"INFOPLIST_KEY_UILaunchScreen_Generation[sdk=iphonesimulator*]" = YES;
				INFOPLIST_KEY_UILaunchStoryboardName = SaltyGlassIcon;
				"INFOPLIST_KEY_UIStatusBarStyle[sdk=iphoneos*]" = UIStatusBarStyleDefault;
				"INFOPLIST_KEY_UIStatusBarStyle[sdk=iphonesimulator*]" = UIStatusBarStyleDefault;
				INFOPLIST_KEY_UISupportedInterfaceOrientations_iPad = "UIInterfaceOrientationPortrait UIInterfaceOrientationPortraitUpsideDown UIInterfaceOrientationLandscapeLeft UIInterfaceOrientationLandscapeRight";
				INFOPLIST_KEY_UISupportedInterfaceOrientations_iPhone = "UIInterfaceOrientationPortrait UIInterfaceOrientationLandscapeLeft UIInterfaceOrientationLandscapeRight";
				IPHONEOS_DEPLOYMENT_TARGET = 18.6;
				LD_RUNPATH_SEARCH_PATHS = "@executable_path/Frameworks";
				"LD_RUNPATH_SEARCH_PATHS[sdk=macosx*]" = "@executable_path/../Frameworks";
				MACOSX_DEPLOYMENT_TARGET = 15.6;
				MARKETING_VERSION = 0.9;
				PRODUCT_BUNDLE_IDENTIFIER = com.pavisoft.Salty;
				PRODUCT_NAME = "$(TARGET_NAME)";
				PROVISIONING_PROFILE_SPECIFIER = "";
				REGISTER_APP_GROUPS = YES;
				SDKROOT = auto;
				SUPPORTED_PLATFORMS = "iphoneos iphonesimulator macosx";
				SUPPORTS_MACCATALYST = NO;
				SUPPORTS_MAC_DESIGNED_FOR_IPHONE_IPAD = NO;
				SWIFT_EMIT_LOC_STRINGS = YES;
				SWIFT_VERSION = 5.0;
				TARGETED_DEVICE_FAMILY = "1,2";
				XROS_DEPLOYMENT_TARGET = 2.5;
			};
			name = Debug;
		};
		D47F90032DF35EB400A64304 /* Release */ = {
			isa = XCBuildConfiguration;
			buildSettings = {
				ASSETCATALOG_COMPILER_APPICON_NAME = SaltyGlassIcon;
				ASSETCATALOG_COMPILER_GLOBAL_ACCENT_COLOR_NAME = AccentColor;
				ASSETCATALOG_COMPILER_INCLUDE_ALL_APPICON_ASSETS = YES;
				CODE_SIGN_ENTITLEMENTS = Salty/Salty.entitlements;
				CODE_SIGN_IDENTITY = "Apple Development";
				CODE_SIGN_STYLE = Automatic;
				CURRENT_PROJECT_VERSION = 73;
				DEAD_CODE_STRIPPING = YES;
				DEVELOPMENT_TEAM = 56L8942MP2;
				ENABLE_HARDENED_RUNTIME = YES;
				ENABLE_PREVIEWS = YES;
				GENERATE_INFOPLIST_FILE = YES;
				INFOPLIST_FILE = Salty/Info.plist;
				INFOPLIST_KEY_ITSAppUsesNonExemptEncryption = NO;
				INFOPLIST_KEY_LSApplicationCategoryType = "public.app-category.food-and-drink";
				INFOPLIST_KEY_NSCameraUsageDescription = "Used for capturing optional recipe photos or to import recipes via document scan or camera photo";
				"INFOPLIST_KEY_UIApplicationSceneManifest_Generation[sdk=iphoneos*]" = YES;
				"INFOPLIST_KEY_UIApplicationSceneManifest_Generation[sdk=iphonesimulator*]" = YES;
				"INFOPLIST_KEY_UIApplicationSupportsIndirectInputEvents[sdk=iphoneos*]" = YES;
				"INFOPLIST_KEY_UIApplicationSupportsIndirectInputEvents[sdk=iphonesimulator*]" = YES;
				"INFOPLIST_KEY_UILaunchScreen_Generation[sdk=iphoneos*]" = YES;
				"INFOPLIST_KEY_UILaunchScreen_Generation[sdk=iphonesimulator*]" = YES;
				INFOPLIST_KEY_UILaunchStoryboardName = SaltyGlassIcon;
				"INFOPLIST_KEY_UIStatusBarStyle[sdk=iphoneos*]" = UIStatusBarStyleDefault;
				"INFOPLIST_KEY_UIStatusBarStyle[sdk=iphonesimulator*]" = UIStatusBarStyleDefault;
				INFOPLIST_KEY_UISupportedInterfaceOrientations_iPad = "UIInterfaceOrientationPortrait UIInterfaceOrientationPortraitUpsideDown UIInterfaceOrientationLandscapeLeft UIInterfaceOrientationLandscapeRight";
				INFOPLIST_KEY_UISupportedInterfaceOrientations_iPhone = "UIInterfaceOrientationPortrait UIInterfaceOrientationLandscapeLeft UIInterfaceOrientationLandscapeRight";
				IPHONEOS_DEPLOYMENT_TARGET = 18.6;
				LD_RUNPATH_SEARCH_PATHS = "@executable_path/Frameworks";
				"LD_RUNPATH_SEARCH_PATHS[sdk=macosx*]" = "@executable_path/../Frameworks";
				MACOSX_DEPLOYMENT_TARGET = 15.6;
				MARKETING_VERSION = 0.9;
				PRODUCT_BUNDLE_IDENTIFIER = com.pavisoft.Salty;
				PRODUCT_NAME = "$(TARGET_NAME)";
				PROVISIONING_PROFILE_SPECIFIER = "";
				REGISTER_APP_GROUPS = YES;
				SDKROOT = auto;
				SUPPORTED_PLATFORMS = "iphoneos iphonesimulator macosx";
				SUPPORTS_MACCATALYST = NO;
				SUPPORTS_MAC_DESIGNED_FOR_IPHONE_IPAD = NO;
				SWIFT_EMIT_LOC_STRINGS = YES;
				SWIFT_VERSION = 5.0;
				TARGETED_DEVICE_FAMILY = "1,2";
				XROS_DEPLOYMENT_TARGET = 2.5;
			};
			name = Release;
		};
		D47F90052DF35EB400A64304 /* Debug */ = {
			isa = XCBuildConfiguration;
			buildSettings = {
				BUNDLE_LOADER = "$(TEST_HOST)";
				CODE_SIGN_STYLE = Automatic;
				CURRENT_PROJECT_VERSION = 1;
				DEAD_CODE_STRIPPING = YES;
				DEVELOPMENT_TEAM = 56L8942MP2;
				GENERATE_INFOPLIST_FILE = YES;
				IPHONEOS_DEPLOYMENT_TARGET = 18.5;
				MACOSX_DEPLOYMENT_TARGET = 15.5;
				MARKETING_VERSION = 1.0;
				PRODUCT_BUNDLE_IDENTIFIER = com.pavisoft.SaltyTests;
				PRODUCT_NAME = "$(TARGET_NAME)";
				SDKROOT = auto;
				SUPPORTED_PLATFORMS = "iphoneos iphonesimulator macosx xros xrsimulator";
				SWIFT_EMIT_LOC_STRINGS = NO;
				SWIFT_VERSION = 5.0;
				TARGETED_DEVICE_FAMILY = "1,2,7";
				TEST_HOST = "$(BUILT_PRODUCTS_DIR)/Salty.app/$(BUNDLE_EXECUTABLE_FOLDER_PATH)/Salty";
				XROS_DEPLOYMENT_TARGET = 2.5;
			};
			name = Debug;
		};
		D47F90062DF35EB400A64304 /* Release */ = {
			isa = XCBuildConfiguration;
			buildSettings = {
				BUNDLE_LOADER = "$(TEST_HOST)";
				CODE_SIGN_STYLE = Automatic;
				CURRENT_PROJECT_VERSION = 1;
				DEAD_CODE_STRIPPING = YES;
				DEVELOPMENT_TEAM = 56L8942MP2;
				GENERATE_INFOPLIST_FILE = YES;
				IPHONEOS_DEPLOYMENT_TARGET = 18.5;
				MACOSX_DEPLOYMENT_TARGET = 15.5;
				MARKETING_VERSION = 1.0;
				PRODUCT_BUNDLE_IDENTIFIER = com.pavisoft.SaltyTests;
				PRODUCT_NAME = "$(TARGET_NAME)";
				SDKROOT = auto;
				SUPPORTED_PLATFORMS = "iphoneos iphonesimulator macosx xros xrsimulator";
				SWIFT_EMIT_LOC_STRINGS = NO;
				SWIFT_VERSION = 5.0;
				TARGETED_DEVICE_FAMILY = "1,2,7";
				TEST_HOST = "$(BUILT_PRODUCTS_DIR)/Salty.app/$(BUNDLE_EXECUTABLE_FOLDER_PATH)/Salty";
				XROS_DEPLOYMENT_TARGET = 2.5;
			};
			name = Release;
		};
		D47F90082DF35EB400A64304 /* Debug */ = {
			isa = XCBuildConfiguration;
			buildSettings = {
				CODE_SIGN_STYLE = Automatic;
				CURRENT_PROJECT_VERSION = 1;
				DEAD_CODE_STRIPPING = YES;
				DEVELOPMENT_TEAM = 56L8942MP2;
				GENERATE_INFOPLIST_FILE = YES;
				IPHONEOS_DEPLOYMENT_TARGET = 18.5;
				MACOSX_DEPLOYMENT_TARGET = 15.5;
				MARKETING_VERSION = 1.0;
				PRODUCT_BUNDLE_IDENTIFIER = com.pavisoft.SaltyUITests;
				PRODUCT_NAME = "$(TARGET_NAME)";
				SDKROOT = auto;
				SUPPORTED_PLATFORMS = "iphoneos iphonesimulator macosx xros xrsimulator";
				SWIFT_EMIT_LOC_STRINGS = NO;
				SWIFT_VERSION = 5.0;
				TARGETED_DEVICE_FAMILY = "1,2,7";
				TEST_TARGET_NAME = Salty;
				XROS_DEPLOYMENT_TARGET = 2.5;
			};
			name = Debug;
		};
		D47F90092DF35EB400A64304 /* Release */ = {
			isa = XCBuildConfiguration;
			buildSettings = {
				CODE_SIGN_STYLE = Automatic;
				CURRENT_PROJECT_VERSION = 1;
				DEAD_CODE_STRIPPING = YES;
				DEVELOPMENT_TEAM = 56L8942MP2;
				GENERATE_INFOPLIST_FILE = YES;
				IPHONEOS_DEPLOYMENT_TARGET = 18.5;
				MACOSX_DEPLOYMENT_TARGET = 15.5;
				MARKETING_VERSION = 1.0;
				PRODUCT_BUNDLE_IDENTIFIER = com.pavisoft.SaltyUITests;
				PRODUCT_NAME = "$(TARGET_NAME)";
				SDKROOT = auto;
				SUPPORTED_PLATFORMS = "iphoneos iphonesimulator macosx xros xrsimulator";
				SWIFT_EMIT_LOC_STRINGS = NO;
				SWIFT_VERSION = 5.0;
				TARGETED_DEVICE_FAMILY = "1,2,7";
				TEST_TARGET_NAME = Salty;
				XROS_DEPLOYMENT_TARGET = 2.5;
			};
			name = Release;
		};
/* End XCBuildConfiguration section */

/* Begin XCConfigurationList section */
		D47F8FDA2DF35EB300A64304 /* Build configuration list for PBXProject "Salty" */ = {
			isa = XCConfigurationList;
			buildConfigurations = (
				D47F8FFF2DF35EB400A64304 /* Debug */,
				D47F90002DF35EB400A64304 /* Release */,
			);
			defaultConfigurationIsVisible = 0;
			defaultConfigurationName = Release;
		};
		D47F90012DF35EB400A64304 /* Build configuration list for PBXNativeTarget "Salty" */ = {
			isa = XCConfigurationList;
			buildConfigurations = (
				D47F90022DF35EB400A64304 /* Debug */,
				D47F90032DF35EB400A64304 /* Release */,
			);
			defaultConfigurationIsVisible = 0;
			defaultConfigurationName = Release;
		};
		D47F90042DF35EB400A64304 /* Build configuration list for PBXNativeTarget "SaltyTests" */ = {
			isa = XCConfigurationList;
			buildConfigurations = (
				D47F90052DF35EB400A64304 /* Debug */,
				D47F90062DF35EB400A64304 /* Release */,
			);
			defaultConfigurationIsVisible = 0;
			defaultConfigurationName = Release;
		};
		D47F90072DF35EB400A64304 /* Build configuration list for PBXNativeTarget "SaltyUITests" */ = {
			isa = XCConfigurationList;
			buildConfigurations = (
				D47F90082DF35EB400A64304 /* Debug */,
				D47F90092DF35EB400A64304 /* Release */,
			);
			defaultConfigurationIsVisible = 0;
			defaultConfigurationName = Release;
		};
/* End XCConfigurationList section */

/* Begin XCRemoteSwiftPackageReference section */
		D402E0672E7F253600B020D5 /* XCRemoteSwiftPackageReference "sqlite-data" */ = {
			isa = XCRemoteSwiftPackageReference;
			repositoryURL = "https://github.com/pointfreeco/sqlite-data/";
			requirement = {
				kind = upToNextMajorVersion;
				minimumVersion = 1.0.0;
			};
		};
		D45D78952DFF646A0067A88D /* XCRemoteSwiftPackageReference "swift-html" */ = {
			isa = XCRemoteSwiftPackageReference;
			repositoryURL = "https://github.com/BinaryBirds/swift-html";
			requirement = {
				kind = upToNextMajorVersion;
				minimumVersion = 1.7.0;
			};
		};
		D45D789A2DFF7B8A0067A88D /* XCRemoteSwiftPackageReference "SwiftUI-Flow" */ = {
			isa = XCRemoteSwiftPackageReference;
			repositoryURL = "https://github.com/tevelee/SwiftUI-Flow";
			requirement = {
				kind = upToNextMajorVersion;
				minimumVersion = 3.1.0;
			};
		};
		D45D789F2DFF7E950067A88D /* XCRemoteSwiftPackageReference "WebViewKit" */ = {
			isa = XCRemoteSwiftPackageReference;
			repositoryURL = "https://github.com/danielsaidi/WebViewKit";
			requirement = {
				kind = exactVersion;
				version = 1.0.0;
			};
		};
		D47AF4B52E25D3E30001E4D4 /* XCRemoteSwiftPackageReference "SwiftSoup" */ = {
			isa = XCRemoteSwiftPackageReference;
			repositoryURL = "https://github.com/scinfu/SwiftSoup.git";
			requirement = {
				kind = upToNextMajorVersion;
				minimumVersion = 2.9.5;
			};
		};
/* End XCRemoteSwiftPackageReference section */

/* Begin XCSwiftPackageProductDependency section */
		D402E0682E7F253600B020D5 /* SQLiteData */ = {
			isa = XCSwiftPackageProductDependency;
			package = D402E0672E7F253600B020D5 /* XCRemoteSwiftPackageReference "sqlite-data" */;
			productName = SQLiteData;
		};
		D402E06A2E7F253600B020D5 /* SQLiteDataTestSupport */ = {
			isa = XCSwiftPackageProductDependency;
			package = D402E0672E7F253600B020D5 /* XCRemoteSwiftPackageReference "sqlite-data" */;
			productName = SQLiteDataTestSupport;
		};
		D45D78962DFF646A0067A88D /* SwiftHtml */ = {
			isa = XCSwiftPackageProductDependency;
			package = D45D78952DFF646A0067A88D /* XCRemoteSwiftPackageReference "swift-html" */;
			productName = SwiftHtml;
		};
		D45D789B2DFF7B8A0067A88D /* Flow */ = {
			isa = XCSwiftPackageProductDependency;
			package = D45D789A2DFF7B8A0067A88D /* XCRemoteSwiftPackageReference "SwiftUI-Flow" */;
			productName = Flow;
		};
		D45D78A02DFF7E950067A88D /* WebViewKit */ = {
			isa = XCSwiftPackageProductDependency;
			package = D45D789F2DFF7E950067A88D /* XCRemoteSwiftPackageReference "WebViewKit" */;
			productName = WebViewKit;
		};
		D47AF4B62E25D3E30001E4D4 /* SwiftSoup */ = {
			isa = XCSwiftPackageProductDependency;
			package = D47AF4B52E25D3E30001E4D4 /* XCRemoteSwiftPackageReference "SwiftSoup" */;
			productName = SwiftSoup;
		};
/* End XCSwiftPackageProductDependency section */
	};
	rootObject = D47F8FD72DF35EB300A64304 /* Project object */;
}
